{
    "_meta": {
        "hash": {
            "sha256": "8a5096c51fbae94c79736f4a80e8bead11a80fcfbdd5d7ab997a6416d706e73a"
        },
        "pipfile-spec": 6,
        "requires": {
            "python_version": "3.10"
        },
        "sources": [
            {
                "name": "pypi",
                "url": "https://pypi.org/simple",
                "verify_ssl": true
            }
        ]
    },
    "default": {
        "asgiref": {
            "hashes": [
                "sha256:3e1e3ecc849832fe52ccf2cb6686b7a55f82bb1d6aee72a58826471390335e47",
                "sha256:c343bd80a0bec947a9860adb4c432ffa7db769836c64238fc34bdc3fec84d590"
            ],
            "markers": "python_version >= '3.8'",
            "version": "==3.8.1"
        },
        "beautifulsoup4": {
            "hashes": [
                "sha256:74e3d1928edc070d21748185c46e3fb33490f22f52a3addee9aee0f4f7781051",
                "sha256:b80878c9f40111313e55da8ba20bdba06d8fa3969fc68304167741bbf9e082ed"
            ],
            "markers": "python_full_version >= '3.6.0'",
            "version": "==4.12.3"
        },
        "crispy-bootstrap4": {
            "hashes": [
                "sha256:208673bf6a25892a656971af7a00e18ba2f7f06cd4a0d667923bd6134e64d276",
                "sha256:46cf98777a28621d240bf71eb36d4a26ff86e9e19be1cfd822645f4043d18c31"
            ],
            "index": "pypi",
            "markers": "python_version >= '3.8'",
            "version": "==2024.1"
        },
        "crispy-bootstrap5": {
            "hashes": [
                "sha256:3867e320920a6ef156e94f9e0f06a80344c453e1b3bd96cd9dc0522ae9e9afb8",
                "sha256:7d1fa40c6faf472e30e85c72551a3d2c9eedbf0abfff920683315e4e6f670f2b"
            ],
            "index": "pypi",
            "markers": "python_version >= '3.8'",
            "version": "==2024.2"
        },
        "django": {
            "hashes": [
                "sha256:3ec32bc2c616ab02834b9cac93143a7dc1cdcd5b822d78ac95fc20a38c534240",
                "sha256:fc6919875a6226c7ffcae1a7d51e0f2ceaf6f160393180818f6c95f51b1e7b96"
            ],
            "index": "pypi",
            "markers": "python_version >= '3.8'",
            "version": "==4.2.14"
        },
        "django-advanced-filters": {
            "hashes": [
                "sha256:60a4b224626e042a5ea657600efcdae8d214cf530fd2e6cc3e37d451d777f7a9",
                "sha256:845c5e7121c9dd68ddcf850a2325e1b5f76f355c677215623bd8974a0359d783"
            ],
            "index": "pypi",
            "markers": "python_version >= '3.6'",
            "version": "==2.0.0"
        },
        "django-bootstrap-v5": {
            "hashes": [
                "sha256:2d431308859ce3cab7729bb09c76039059cd5fbdd34484da82c4c7f8d49da3a2",
                "sha256:a207aa804938164c8450bbbef4faaba6d2093b3236000557a50f3bd44b53d268"
            ],
            "index": "pypi",
            "markers": "python_version >= '3.6' and python_version < '4.0'",
            "version": "==1.0.11"
        },
        "django-bootstrap4": {
            "hashes": [
                "sha256:819bc0ba7b25fcdeb12eb04353962436dbe95b228ba4cf4b49f5d3fee53692e1",
                "sha256:b555d87740a571036f100ad6026b1f62aabcb913404fb7f08f521881019b14bc"
            ],
            "index": "pypi",
            "markers": "python_version >= '3.8'",
            "version": "==24.3"
        },
        "django-bootstrap5": {
            "hashes": [
                "sha256:6a5d83e9ff1952f7c07c54cebcb76c85f09787b8b57eeb4ec07554cd583acc64",
                "sha256:a3cee2b3d45745210c5b898af2917f310f44df746269fe09a93be28a0adc2a4b"
            ],
            "index": "pypi",
            "markers": "python_version >= '3.8'",
            "version": "==24.2"
        },
        "django-crispy-forms": {
            "hashes": [
                "sha256:2db17ae08527201be1273f0df789e5f92819e23dd28fec69cffba7f3762e1a38",
                "sha256:efc4c31e5202bbec6af70d383a35e12fc80ea769d464fb0e7fe21768bb138a20"
            ],
            "index": "pypi",
            "markers": "python_version >= '3.8'",
            "version": "==2.3"
        },
        "django-filter": {
            "hashes": [
                "sha256:c4852822928ce17fb699bcfccd644b3574f1a2d80aeb2b4ff4f16b02dd49dc64",
                "sha256:d8ccaf6732afd21ca0542f6733b11591030fa98669f8d15599b358e24a2cd9c3"
            ],
            "index": "pypi",
            "markers": "python_version >= '3.8'",
            "version": "==24.3"
        },
        "django-tables2": {
            "hashes": [
                "sha256:4113fcc575eb438a12e83a4d4ea01452e4800d970e8bdd0e4122ac171af1900d",
                "sha256:99e06d966ca8ac69fd74092eb45c79a280dd5ca0ccb81395d96261f62128e1af"
            ],
            "index": "pypi",
            "version": "==2.7.0"
        },
        "django-tables2-column-shifter": {
            "hashes": [
                "sha256:93a1bb807d94b2f730535d483acd0601a46cd1a8f97a69d1bbd3e7a2a4014312",
                "sha256:ad6585b79b031627ef7873d5c7c10d0aaa07cc9c0592767384b884c062dbcb01"
            ],
            "index": "pypi",
            "version": "==2.2.0"
        },
        "gunicorn": {
            "hashes": [
                "sha256:350679f91b24062c86e386e198a15438d53a7a8207235a78ba1b53df4c4378d9",
                "sha256:4a0b436239ff76fb33f11c07a16482c521a7e09c1ce3cc293c2330afe01bec63"
            ],
            "index": "pypi",
            "markers": "python_version >= '3.7'",
            "version": "==22.0.0"
        },
        "mysqlclient": {
            "hashes": [
                "sha256:329e4eec086a2336fe3541f1ce095d87a6f169d1cc8ba7b04ac68bcb234c9711",
                "sha256:33bc9fb3464e7d7c10b1eaf7336c5ff8f2a3d3b88bab432116ad2490beb3bf41",
                "sha256:3c318755e06df599338dad7625f884b8a71fcf322a9939ef78c9b3db93e1de7a",
                "sha256:4e80dcad884dd6e14949ac6daf769123223a52a6805345608bf49cdaf7bc8b3a",
                "sha256:9d3310295cb682232cadc28abd172f406c718b9ada41d2371259098ae37779d3",
                "sha256:9d4c015480c4a6b2b1602eccd9846103fc70606244788d04aa14b31c4bd1f0e2",
                "sha256:ac44777eab0a66c14cb0d38965572f762e193ec2e5c0723bcd11319cc5b693c5",
                "sha256:d43987bb9626096a302ca6ddcdd81feaeca65ced1d5fe892a6a66b808326aa54",
                "sha256:e1ebe3f41d152d7cb7c265349fdb7f1eca86ccb0ca24a90036cde48e00ceb2ab"
            ],
            "index": "pypi",
            "markers": "python_version >= '3.8'",
            "version": "==2.2.4"
        },
        "packaging": {
            "hashes": [
                "sha256:026ed72c8ed3fcce5bf8950572258698927fd1dbda10a5e981cdf0ac37f4f002",
                "sha256:5b8f2217dbdbd2f7f384c41c628544e6d52f2d0f53c6d0c3ea61aa5d1d7ff124"
            ],
            "markers": "python_version >= '3.8'",
            "version": "==24.1"
        },
        "simplejson": {
            "hashes": [
                "sha256:0405984f3ec1d3f8777c4adc33eac7ab7a3e629f3b1c05fdded63acc7cf01137",
                "sha256:0436a70d8eb42bea4fe1a1c32d371d9bb3b62c637969cb33970ad624d5a3336a",
                "sha256:061e81ea2d62671fa9dea2c2bfbc1eec2617ae7651e366c7b4a2baf0a8c72cae",
                "sha256:064300a4ea17d1cd9ea1706aa0590dcb3be81112aac30233823ee494f02cb78a",
                "sha256:08889f2f597ae965284d7b52a5c3928653a9406d88c93e3161180f0abc2433ba",
                "sha256:0a48679310e1dd5c9f03481799311a65d343748fe86850b7fb41df4e2c00c087",
                "sha256:0b0a3eb6dd39cce23801a50c01a0976971498da49bc8a0590ce311492b82c44b",
                "sha256:0d2d5119b1d7a1ed286b8af37357116072fc96700bce3bec5bb81b2e7057ab41",
                "sha256:0d551dc931638e2102b8549836a1632e6e7cf620af3d093a7456aa642bff601d",
                "sha256:1018bd0d70ce85f165185d2227c71e3b1e446186f9fa9f971b69eee223e1e3cd",
                "sha256:11c39fbc4280d7420684494373b7c5904fa72a2b48ef543a56c2d412999c9e5d",
                "sha256:11cc3afd8160d44582543838b7e4f9aa5e97865322844b75d51bf4e0e413bb3e",
                "sha256:1537b3dd62d8aae644f3518c407aa8469e3fd0f179cdf86c5992792713ed717a",
                "sha256:16ca9c90da4b1f50f089e14485db8c20cbfff2d55424062791a7392b5a9b3ff9",
                "sha256:176a1b524a3bd3314ed47029a86d02d5a95cc0bee15bd3063a1e1ec62b947de6",
                "sha256:18955c1da6fc39d957adfa346f75226246b6569e096ac9e40f67d102278c3bcb",
                "sha256:1bb5b50dc6dd671eb46a605a3e2eb98deb4a9af787a08fcdddabe5d824bb9664",
                "sha256:1c768e7584c45094dca4b334af361e43b0aaa4844c04945ac7d43379eeda9bc2",
                "sha256:1dd4f692304854352c3e396e9b5f0a9c9e666868dd0bdc784e2ac4c93092d87b",
                "sha256:25785d038281cd106c0d91a68b9930049b6464288cea59ba95b35ee37c2d23a5",
                "sha256:287e39ba24e141b046812c880f4619d0ca9e617235d74abc27267194fc0c7835",
                "sha256:2c1467d939932901a97ba4f979e8f2642415fcf02ea12f53a4e3206c9c03bc17",
                "sha256:2c433a412e96afb9a3ce36fa96c8e61a757af53e9c9192c97392f72871e18e69",
                "sha256:2d022b14d7758bfb98405672953fe5c202ea8a9ccf9f6713c5bd0718eba286fd",
                "sha256:2f98d918f7f3aaf4b91f2b08c0c92b1774aea113334f7cde4fe40e777114dbe6",
                "sha256:2fc697be37585eded0c8581c4788fcfac0e3f84ca635b73a5bf360e28c8ea1a2",
                "sha256:3194cd0d2c959062b94094c0a9f8780ffd38417a5322450a0db0ca1a23e7fbd2",
                "sha256:332c848f02d71a649272b3f1feccacb7e4f7e6de4a2e6dc70a32645326f3d428",
                "sha256:346820ae96aa90c7d52653539a57766f10f33dd4be609206c001432b59ddf89f",
                "sha256:3471e95110dcaf901db16063b2e40fb394f8a9e99b3fe9ee3acc6f6ef72183a2",
                "sha256:3848427b65e31bea2c11f521b6fc7a3145d6e501a1038529da2391aff5970f2f",
                "sha256:39b6d79f5cbfa3eb63a869639cfacf7c41d753c64f7801efc72692c1b2637ac7",
                "sha256:3e74355cb47e0cd399ead3477e29e2f50e1540952c22fb3504dda0184fc9819f",
                "sha256:3f39bb1f6e620f3e158c8b2eaf1b3e3e54408baca96a02fe891794705e788637",
                "sha256:40847f617287a38623507d08cbcb75d51cf9d4f9551dd6321df40215128325a3",
                "sha256:4280e460e51f86ad76dc456acdbfa9513bdf329556ffc8c49e0200878ca57816",
                "sha256:445a96543948c011a3a47c8e0f9d61e9785df2544ea5be5ab3bc2be4bd8a2565",
                "sha256:4969d974d9db826a2c07671273e6b27bc48e940738d768fa8f33b577f0978378",
                "sha256:49aaf4546f6023c44d7e7136be84a03a4237f0b2b5fb2b17c3e3770a758fc1a0",
                "sha256:49e0e3faf3070abdf71a5c80a97c1afc059b4f45a5aa62de0c2ca0444b51669b",
                "sha256:49f9da0d6cd17b600a178439d7d2d57c5ef01f816b1e0e875e8e8b3b42db2693",
                "sha256:4a8c3cc4f9dfc33220246760358c8265dad6e1104f25f0077bbca692d616d358",
                "sha256:4d36081c0b1c12ea0ed62c202046dca11438bee48dd5240b7c8de8da62c620e9",
                "sha256:4edcd0bf70087b244ba77038db23cd98a1ace2f91b4a3ecef22036314d77ac23",
                "sha256:554313db34d63eac3b3f42986aa9efddd1a481169c12b7be1e7512edebff8eaf",
                "sha256:5675e9d8eeef0aa06093c1ff898413ade042d73dc920a03e8cea2fb68f62445a",
                "sha256:60848ab779195b72382841fc3fa4f71698a98d9589b0a081a9399904487b5832",
                "sha256:66e5dc13bfb17cd6ee764fc96ccafd6e405daa846a42baab81f4c60e15650414",
                "sha256:6779105d2fcb7fcf794a6a2a233787f6bbd4731227333a072d8513b252ed374f",
                "sha256:6ad331349b0b9ca6da86064a3599c425c7a21cd41616e175ddba0866da32df48",
                "sha256:6f0a0b41dd05eefab547576bed0cf066595f3b20b083956b1405a6f17d1be6ad",
                "sha256:73a8a4653f2e809049999d63530180d7b5a344b23a793502413ad1ecea9a0290",
                "sha256:778331444917108fa8441f59af45886270d33ce8a23bfc4f9b192c0b2ecef1b3",
                "sha256:7cb98be113911cb0ad09e5523d0e2a926c09a465c9abb0784c9269efe4f95917",
                "sha256:7d74beca677623481810c7052926365d5f07393c72cbf62d6cce29991b676402",
                "sha256:7f2398361508c560d0bf1773af19e9fe644e218f2a814a02210ac2c97ad70db0",
                "sha256:8434dcdd347459f9fd9c526117c01fe7ca7b016b6008dddc3c13471098f4f0dc",
                "sha256:8a390e56a7963e3946ff2049ee1eb218380e87c8a0e7608f7f8790ba19390867",
                "sha256:92c4a4a2b1f4846cd4364855cbac83efc48ff5a7d7c06ba014c792dd96483f6f",
                "sha256:9300aee2a8b5992d0f4293d88deb59c218989833e3396c824b69ba330d04a589",
                "sha256:9453419ea2ab9b21d925d0fd7e3a132a178a191881fab4169b6f96e118cc25bb",
                "sha256:9652e59c022e62a5b58a6f9948b104e5bb96d3b06940c6482588176f40f4914b",
                "sha256:972a7833d4a1fcf7a711c939e315721a88b988553fc770a5b6a5a64bd6ebeba3",
                "sha256:9c1a4393242e321e344213a90a1e3bf35d2f624aa8b8f6174d43e3c6b0e8f6eb",
                "sha256:9e038c615b3906df4c3be8db16b3e24821d26c55177638ea47b3f8f73615111c",
                "sha256:9e4c166f743bb42c5fcc60760fb1c3623e8fda94f6619534217b083e08644b46",
                "sha256:9eb117db8d7ed733a7317c4215c35993b815bf6aeab67523f1f11e108c040672",
                "sha256:9eb442a2442ce417801c912df68e1f6ccfcd41577ae7274953ab3ad24ef7d82c",
                "sha256:a3cd18e03b0ee54ea4319cdcce48357719ea487b53f92a469ba8ca8e39df285e",
                "sha256:a8617625369d2d03766413bff9e64310feafc9fc4f0ad2b902136f1a5cd8c6b0",
                "sha256:a970a2e6d5281d56cacf3dc82081c95c1f4da5a559e52469287457811db6a79b",
                "sha256:aad7405c033d32c751d98d3a65801e2797ae77fac284a539f6c3a3e13005edc4",
                "sha256:adcb3332979cbc941b8fff07181f06d2b608625edc0a4d8bc3ffc0be414ad0c4",
                "sha256:af9c7e6669c4d0ad7362f79cb2ab6784d71147503e62b57e3d95c4a0f222c01c",
                "sha256:b01fda3e95d07a6148702a641e5e293b6da7863f8bc9b967f62db9461330562c",
                "sha256:b8d940fd28eb34a7084877747a60873956893e377f15a32ad445fe66c972c3b8",
                "sha256:bccb3e88ec26ffa90f72229f983d3a5d1155e41a1171190fa723d4135523585b",
                "sha256:bcedf4cae0d47839fee7de344f96b5694ca53c786f28b5f773d4f0b265a159eb",
                "sha256:be893258d5b68dd3a8cba8deb35dc6411db844a9d35268a8d3793b9d9a256f80",
                "sha256:c0521e0f07cb56415fdb3aae0bbd8701eb31a9dfef47bb57206075a0584ab2a2",
                "sha256:c594642d6b13d225e10df5c16ee15b3398e21a35ecd6aee824f107a625690374",
                "sha256:c87c22bd6a987aca976e3d3e23806d17f65426191db36d40da4ae16a6a494cbc",
                "sha256:c9ac1c2678abf9270e7228133e5b77c6c3c930ad33a3c1dfbdd76ff2c33b7b50",
                "sha256:d0e5ffc763678d48ecc8da836f2ae2dd1b6eb2d27a48671066f91694e575173c",
                "sha256:d0f402e787e6e7ee7876c8b05e2fe6464820d9f35ba3f172e95b5f8b699f6c7f",
                "sha256:d222a9ed082cd9f38b58923775152003765016342a12f08f8c123bf893461f28",
                "sha256:d94245caa3c61f760c4ce4953cfa76e7739b6f2cbfc94cc46fff6c050c2390c5",
                "sha256:de9a2792612ec6def556d1dc621fd6b2073aff015d64fba9f3e53349ad292734",
                "sha256:e2f5a398b5e77bb01b23d92872255e1bcb3c0c719a3be40b8df146570fe7781a",
                "sha256:e8dd53a8706b15bc0e34f00e6150fbefb35d2fd9235d095b4f83b3c5ed4fa11d",
                "sha256:e9eb3cff1b7d71aa50c89a0536f469cb8d6dcdd585d8f14fb8500d822f3bdee4",
                "sha256:ed628c1431100b0b65387419551e822987396bee3c088a15d68446d92f554e0c",
                "sha256:ef7938a78447174e2616be223f496ddccdbf7854f7bf2ce716dbccd958cc7d13",
                "sha256:f1c70249b15e4ce1a7d5340c97670a95f305ca79f376887759b43bb33288c973",
                "sha256:f3c7363a8cb8c5238878ec96c5eb0fc5ca2cb11fc0c7d2379863d342c6ee367a",
                "sha256:fbbcc6b0639aa09b9649f36f1bcb347b19403fe44109948392fbb5ea69e48c3e",
                "sha256:febffa5b1eda6622d44b245b0685aff6fb555ce0ed734e2d7b1c3acd018a2cff",
                "sha256:ff836cd4041e16003549449cc0a5e372f6b6f871eb89007ab0ee18fb2800fded"
            ],
            "markers": "python_version >= '2.5' and python_version not in '3.0, 3.1, 3.2, 3.3'",
            "version": "==3.19.2"
        },
        "soupsieve": {
            "hashes": [
                "sha256:5663d5a7b3bfaeee0bc4372e7fc48f9cff4940b3eec54a6451cc5299f1097690",
                "sha256:eaa337ff55a1579b6549dc679565eac1e3d000563bcb1c8ab0d0fefbc0c2cdc7"
            ],
            "markers": "python_version >= '3.8'",
            "version": "==2.5"
        },
        "sqlparse": {
            "hashes": [
                "sha256:773dcbf9a5ab44a090f3441e2180efe2560220203dc2f8c0b0fa141e18b505e4",
                "sha256:bb6b4df465655ef332548e24f08e205afc81b9ab86cb1c45657a7ff173a3a00e"
            ],
            "markers": "python_version >= '3.8'",
            "version": "==0.5.1"
        },
        "typing-extensions": {
            "hashes": [
                "sha256:04e5ca0351e0f3f85c6853954072df659d0d13fac324d0072316b67d7794700d",
                "sha256:1a7ead55c7e559dd4dee8856e3a88b41225abfe1ce8df57b7c13915fe121ffb8"
            ],
            "markers": "python_version < '3.11'",
            "version": "==4.12.2"
        }
    },
    "develop": {}
}
